# This file is automatically @generated by Poetry and should not be changed by hand.

[[package]]
name = "click"
version = "8.1.4"
description = "Composable command line interface toolkit"
category = "main"
optional = false
python-versions = ">=3.7"
files = [
    {file = "click-8.1.4-py3-none-any.whl", hash = "sha256:2739815aaa5d2c986a88f1e9230c55e17f0caad3d958a5e13ad0797c166db9e3"},
    {file = "click-8.1.4.tar.gz", hash = "sha256:b97d0c74955da062a7d4ef92fadb583806a585b2ea81958a81bd72726cbb8e37"},
]

[package.dependencies]
colorama = {version = "*", markers = "platform_system == \"Windows\""}

[[package]]
name = "colorama"
version = "0.4.6"
description = "Cross-platform colored terminal text."
category = "main"
optional = false
python-versions = "!=3.0.*,!=3.1.*,!=3.2.*,!=3.3.*,!=3.4.*,!=3.5.*,!=3.6.*,>=2.7"
files = [
    {file = "colorama-0.4.6-py2.py3-none-any.whl", hash = "sha256:4f1d9991f5acc0ca119f9d443620b77f9d6b33703e51011c16baf57afb285fc6"},
    {file = "colorama-0.4.6.tar.gz", hash = "sha256:08695f5cb7ed6e0531a20572697297273c47b8cae5a63ffc6d6ed5c201be6e44"},
]

[[package]]
name = "message-system"
version = "0.1.0"
description = ""
category = "main"
optional = false
python-versions = ">=3.10,<4.0"
files = [
    {file = "message_system-0.1.0-py3-none-any.whl", hash = "sha256:8d714e7c82da757306391dfc180f01e672099dade43f0986983e6353ea2ed37c"},
    {file = "message_system-0.1.0.tar.gz", hash = "sha256:a9137b48a757c3b64b92c63d92b10ee3c0532d8ed6551d2cb0e3cd9e11944f9e"},
]

[package.dependencies]
netifaces = ">=0.11.0,<0.12.0"

[[package]]
name = "netifaces"
version = "0.11.0"
description = "Portable network interface information."
category = "main"
optional = false
python-versions = "*"
files = [
    {file = "netifaces-0.11.0-cp27-cp27m-manylinux_2_5_i686.manylinux1_i686.whl", hash = "sha256:eb4813b77d5df99903af4757ce980a98c4d702bbcb81f32a0b305a1537bdf0b1"},
    {file = "netifaces-0.11.0-cp27-cp27m-manylinux_2_5_x86_64.manylinux1_x86_64.whl", hash = "sha256:5f9ca13babe4d845e400921973f6165a4c2f9f3379c7abfc7478160e25d196a4"},
    {file = "netifaces-0.11.0-cp27-cp27m-win32.whl", hash = "sha256:7dbb71ea26d304e78ccccf6faccef71bb27ea35e259fb883cfd7fd7b4f17ecb1"},
    {file = "netifaces-0.11.0-cp27-cp27m-win_amd64.whl", hash = "sha256:0f6133ac02521270d9f7c490f0c8c60638ff4aec8338efeff10a1b51506abe85"},
    {file = "netifaces-0.11.0-cp27-cp27mu-manylinux_2_5_i686.manylinux1_i686.whl", hash = "sha256:08e3f102a59f9eaef70948340aeb6c89bd09734e0dca0f3b82720305729f63ea"},
    {file = "netifaces-0.11.0-cp27-cp27mu-manylinux_2_5_x86_64.manylinux1_x86_64.whl", hash = "sha256:c03fb2d4ef4e393f2e6ffc6376410a22a3544f164b336b3a355226653e5efd89"},
    {file = "netifaces-0.11.0-cp34-cp34m-win32.whl", hash = "sha256:73ff21559675150d31deea8f1f8d7e9a9a7e4688732a94d71327082f517fc6b4"},
    {file = "netifaces-0.11.0-cp35-cp35m-manylinux_2_5_i686.manylinux1_i686.whl", hash = "sha256:815eafdf8b8f2e61370afc6add6194bd5a7252ae44c667e96c4c1ecf418811e4"},
    {file = "netifaces-0.11.0-cp35-cp35m-manylinux_2_5_x86_64.manylinux1_x86_64.whl", hash = "sha256:50721858c935a76b83dd0dd1ab472cad0a3ef540a1408057624604002fcfb45b"},
    {file = "netifaces-0.11.0-cp35-cp35m-win32.whl", hash = "sha256:c9a3a47cd3aaeb71e93e681d9816c56406ed755b9442e981b07e3618fb71d2ac"},
    {file = "netifaces-0.11.0-cp36-cp36m-macosx_10_15_x86_64.whl", hash = "sha256:aab1dbfdc55086c789f0eb37affccf47b895b98d490738b81f3b2360100426be"},
    {file = "netifaces-0.11.0-cp36-cp36m-manylinux_2_5_i686.manylinux1_i686.whl", hash = "sha256:c37a1ca83825bc6f54dddf5277e9c65dec2f1b4d0ba44b8fd42bc30c91aa6ea1"},
    {file = "netifaces-0.11.0-cp36-cp36m-manylinux_2_5_x86_64.manylinux1_x86_64.whl", hash = "sha256:28f4bf3a1361ab3ed93c5ef360c8b7d4a4ae060176a3529e72e5e4ffc4afd8b0"},
    {file = "netifaces-0.11.0-cp36-cp36m-win32.whl", hash = "sha256:2650beee182fed66617e18474b943e72e52f10a24dc8cac1db36c41ee9c041b7"},
    {file = "netifaces-0.11.0-cp36-cp36m-win_amd64.whl", hash = "sha256:cb925e1ca024d6f9b4f9b01d83215fd00fe69d095d0255ff3f64bffda74025c8"},
    {file = "netifaces-0.11.0-cp37-cp37m-macosx_10_15_x86_64.whl", hash = "sha256:84e4d2e6973eccc52778735befc01638498781ce0e39aa2044ccfd2385c03246"},
    {file = "netifaces-0.11.0-cp37-cp37m-manylinux_2_5_i686.manylinux1_i686.whl", hash = "sha256:18917fbbdcb2d4f897153c5ddbb56b31fa6dd7c3fa9608b7e3c3a663df8206b5"},
    {file = "netifaces-0.11.0-cp37-cp37m-manylinux_2_5_x86_64.manylinux1_x86_64.whl", hash = "sha256:48324183af7f1bc44f5f197f3dad54a809ad1ef0c78baee2c88f16a5de02c4c9"},
    {file = "netifaces-0.11.0-cp37-cp37m-win32.whl", hash = "sha256:8f7da24eab0d4184715d96208b38d373fd15c37b0dafb74756c638bd619ba150"},
    {file = "netifaces-0.11.0-cp37-cp37m-win_amd64.whl", hash = "sha256:2479bb4bb50968089a7c045f24d120f37026d7e802ec134c4490eae994c729b5"},
    {file = "netifaces-0.11.0-cp38-cp38-macosx_10_15_x86_64.whl", hash = "sha256:3ecb3f37c31d5d51d2a4d935cfa81c9bc956687c6f5237021b36d6fdc2815b2c"},
    {file = "netifaces-0.11.0-cp38-cp38-manylinux_2_5_i686.manylinux1_i686.whl", hash = "sha256:96c0fe9696398253f93482c84814f0e7290eee0bfec11563bd07d80d701280c3"},
    {file = "netifaces-0.11.0-cp38-cp38-manylinux_2_5_x86_64.manylinux1_x86_64.whl", hash = "sha256:c92ff9ac7c2282009fe0dcb67ee3cd17978cffbe0c8f4b471c00fe4325c9b4d4"},
    {file = "netifaces-0.11.0-cp38-cp38-win32.whl", hash = "sha256:d07b01c51b0b6ceb0f09fc48ec58debd99d2c8430b09e56651addeaf5de48048"},
    {file = "netifaces-0.11.0-cp38-cp38-win_amd64.whl", hash = "sha256:469fc61034f3daf095e02f9f1bbac07927b826c76b745207287bc594884cfd05"},
    {file = "netifaces-0.11.0-cp39-cp39-macosx_10_15_x86_64.whl", hash = "sha256:5be83986100ed1fdfa78f11ccff9e4757297735ac17391b95e17e74335c2047d"},
    {file = "netifaces-0.11.0-cp39-cp39-macosx_11_0_arm64.whl", hash = "sha256:54ff6624eb95b8a07e79aa8817288659af174e954cca24cdb0daeeddfc03c4ff"},
    {file = "netifaces-0.11.0-cp39-cp39-manylinux_2_5_i686.manylinux1_i686.whl", hash = "sha256:841aa21110a20dc1621e3dd9f922c64ca64dd1eb213c47267a2c324d823f6c8f"},
    {file = "netifaces-0.11.0-cp39-cp39-manylinux_2_5_x86_64.manylinux1_x86_64.whl", hash = "sha256:e76c7f351e0444721e85f975ae92718e21c1f361bda946d60a214061de1f00a1"},
    {file = "netifaces-0.11.0.tar.gz", hash = "sha256:043a79146eb2907edf439899f262b3dfe41717d34124298ed281139a8b93ca32"},
]

[[package]]
name = "plumbum"
version = "1.8.2"
description = "Plumbum: shell combinators library"
category = "main"
optional = false
python-versions = ">=3.6"
files = [
    {file = "plumbum-1.8.2-py3-none-any.whl", hash = "sha256:3ad9e5f56c6ec98f6f7988f7ea8b52159662ea9e915868d369dbccbfca0e367e"},
    {file = "plumbum-1.8.2.tar.gz", hash = "sha256:9e6dc032f4af952665f32f3206567bc23b7858b1413611afe603a3f8ad9bfd75"},
]

[package.dependencies]
pywin32 = {version = "*", markers = "platform_system == \"Windows\" and platform_python_implementation != \"PyPy\""}

[package.extras]
dev = ["paramiko", "psutil", "pytest (>=6.0)", "pytest-cov", "pytest-mock", "pytest-timeout"]
docs = ["sphinx (>=4.0.0)", "sphinx-rtd-theme (>=1.0.0)"]
ssh = ["paramiko"]

[[package]]
name = "pywin32"
version = "306"
description = "Python for Window Extensions"
category = "main"
optional = false
python-versions = "*"
files = [
    {file = "pywin32-306-cp310-cp310-win32.whl", hash = "sha256:06d3420a5155ba65f0b72f2699b5bacf3109f36acbe8923765c22938a69dfc8d"},
    {file = "pywin32-306-cp310-cp310-win_amd64.whl", hash = "sha256:84f4471dbca1887ea3803d8848a1616429ac94a4a8d05f4bc9c5dcfd42ca99c8"},
    {file = "pywin32-306-cp311-cp311-win32.whl", hash = "sha256:e65028133d15b64d2ed8f06dd9fbc268352478d4f9289e69c190ecd6818b6407"},
    {file = "pywin32-306-cp311-cp311-win_amd64.whl", hash = "sha256:a7639f51c184c0272e93f244eb24dafca9b1855707d94c192d4a0b4c01e1100e"},
    {file = "pywin32-306-cp311-cp311-win_arm64.whl", hash = "sha256:70dba0c913d19f942a2db25217d9a1b726c278f483a919f1abfed79c9cf64d3a"},
    {file = "pywin32-306-cp312-cp312-win32.whl", hash = "sha256:383229d515657f4e3ed1343da8be101000562bf514591ff383ae940cad65458b"},
    {file = "pywin32-306-cp312-cp312-win_amd64.whl", hash = "sha256:37257794c1ad39ee9be652da0462dc2e394c8159dfd913a8a4e8eb6fd346da0e"},
    {file = "pywin32-306-cp312-cp312-win_arm64.whl", hash = "sha256:5821ec52f6d321aa59e2db7e0a35b997de60c201943557d108af9d4ae1ec7040"},
    {file = "pywin32-306-cp37-cp37m-win32.whl", hash = "sha256:1c73ea9a0d2283d889001998059f5eaaba3b6238f767c9cf2833b13e6a685f65"},
    {file = "pywin32-306-cp37-cp37m-win_amd64.whl", hash = "sha256:72c5f621542d7bdd4fdb716227be0dd3f8565c11b280be6315b06ace35487d36"},
    {file = "pywin32-306-cp38-cp38-win32.whl", hash = "sha256:e4c092e2589b5cf0d365849e73e02c391c1349958c5ac3e9d5ccb9a28e017b3a"},
    {file = "pywin32-306-cp38-cp38-win_amd64.whl", hash = "sha256:e8ac1ae3601bee6ca9f7cb4b5363bf1c0badb935ef243c4733ff9a393b1690c0"},
    {file = "pywin32-306-cp39-cp39-win32.whl", hash = "sha256:e25fd5b485b55ac9c057f67d94bc203f3f6595078d1fb3b458c9c28b7153a802"},
    {file = "pywin32-306-cp39-cp39-win_amd64.whl", hash = "sha256:39b61c15272833b5c329a2989999dcae836b1eed650252ab1b7bfbe1d59f30f4"},
]

[[package]]
name = "rpyc"
version = "5.3.1"
description = "Remote Python Call (RPyC) is a transparent and symmetric distributed computing library"
category = "main"
optional = false
python-versions = ">=3.7"
files = [
    {file = "rpyc-5.3.1-py3-none-any.whl", hash = "sha256:6e8153792ac221a80f420d2e0b241a10c6e43b105d325998b18a4e7af329f9ec"},
    {file = "rpyc-5.3.1.tar.gz", hash = "sha256:f2233174879faf18ae266437d5a65511ce46c817cec4edc1344f036758cfbf52"},
]

[package.dependencies]
plumbum = "*"

[[package]]
name = "typer"
version = "0.9.0"
description = "Typer, build great CLIs. Easy to code. Based on Python type hints."
category = "main"
optional = false
python-versions = ">=3.6"
files = [
    {file = "typer-0.9.0-py3-none-any.whl", hash = "sha256:5d96d986a21493606a358cae4461bd8cdf83cbf33a5aa950ae629ca3b51467ee"},
    {file = "typer-0.9.0.tar.gz", hash = "sha256:50922fd79aea2f4751a8e0408ff10d2662bd0c8bbfa84755a699f3bada2978b2"},
]

[package.dependencies]
click = ">=7.1.1,<9.0.0"
typing-extensions = ">=3.7.4.3"

[package.extras]
all = ["colorama (>=0.4.3,<0.5.0)", "rich (>=10.11.0,<14.0.0)", "shellingham (>=1.3.0,<2.0.0)"]
dev = ["autoflake (>=1.3.1,<2.0.0)", "flake8 (>=3.8.3,<4.0.0)", "pre-commit (>=2.17.0,<3.0.0)"]
doc = ["cairosvg (>=2.5.2,<3.0.0)", "mdx-include (>=1.4.1,<2.0.0)", "mkdocs (>=1.1.2,<2.0.0)", "mkdocs-material (>=8.1.4,<9.0.0)", "pillow (>=9.3.0,<10.0.0)"]
test = ["black (>=22.3.0,<23.0.0)", "coverage (>=6.2,<7.0)", "isort (>=5.0.6,<6.0.0)", "mypy (==0.910)", "pytest (>=4.4.0,<8.0.0)", "pytest-cov (>=2.10.0,<5.0.0)", "pytest-sugar (>=0.9.4,<0.10.0)", "pytest-xdist (>=1.32.0,<4.0.0)", "rich (>=10.11.0,<14.0.0)", "shellingham (>=1.3.0,<2.0.0)"]

[[package]]
name = "typing-extensions"
version = "4.7.1"
description = "Backported and Experimental Type Hints for Python 3.7+"
category = "main"
optional = false
python-versions = ">=3.7"
files = [
    {file = "typing_extensions-4.7.1-py3-none-any.whl", hash = "sha256:440d5dd3af93b060174bf433bccd69b0babc3b15b1a8dca43789fd7f61514b36"},
    {file = "typing_extensions-4.7.1.tar.gz", hash = "sha256:b75ddc264f0ba5615db7ba217daeb99701ad295353c45f9e95963337ceeeffb2"},
]

[metadata]
lock-version = "2.0"
python-versions = ">=3.10,<3.12"
content-hash = "2ef59db62cf0062f33637640339d497172d3073737443140f8cfd4e9ab563c9d"
